
Microsoft Visual Studio Solution File, Format Version 12.00
# Visual Studio Version 17
VisualStudioVersion = 17.7.34221.43
MinimumVisualStudioVersion = 10.0.40219.1
Project("{2150E333-8FDC-42A3-9474-1A3956D46DE8}") = "Services", "Services", "{8CC706BE-58E8-4172-98D6-04792ED2F21F}"
EndProject
Project("{2150E333-8FDC-42A3-9474-1A3956D46DE8}") = "Catalog", "Catalog", "{7DD16D97-43C1-48F7-991B-05A0AC020D40}"
EndProject
Project("{9A19103F-16F7-4668-BE54-9A1E7A4F7556}") = "Services.Catalog", "Services\Catalog\Services.Catalog\Services.Catalog.csproj", "{9CE0D7B5-C0AC-435D-B326-380A74039D9E}"
EndProject
Project("{2150E333-8FDC-42A3-9474-1A3956D46DE8}") = "Solution Items", "Solution Items", "{8B429979-C110-4114-ADCD-0BABFB726F4D}"
	ProjectSection(SolutionItems) = preProject
		Ports.txt = Ports.txt
	EndProjectSection
EndProject
Project("{2150E333-8FDC-42A3-9474-1A3956D46DE8}") = "Shared", "Shared", "{49E77C4F-3B83-4DEA-B3C2-E298032298F9}"
EndProject
Project("{9A19103F-16F7-4668-BE54-9A1E7A4F7556}") = "Shared", "Shared\Shared\Shared.csproj", "{C6954E75-50D6-421F-BC0D-2FE776108C7A}"
EndProject
Project("{2150E333-8FDC-42A3-9474-1A3956D46DE8}") = "IdentityServer", "IdentityServer", "{1139014E-2194-41A7-ABDA-25BA06CDE98B}"
EndProject
Project("{9A19103F-16F7-4668-BE54-9A1E7A4F7556}") = "IdentityServer", "IdentityServer\IdentityServer\IdentityServer.csproj", "{D45572D9-428B-4C13-A9CA-DE57809652DC}"
EndProject
Project("{2150E333-8FDC-42A3-9474-1A3956D46DE8}") = "PhotoStock", "PhotoStock", "{B5ABEF21-C952-4DCE-A13A-5A2A21AF1016}"
EndProject
Project("{9A19103F-16F7-4668-BE54-9A1E7A4F7556}") = "Services.PhotoStock", "Services\PhotoStock\Services.PhotoStock\Services.PhotoStock.csproj", "{4926FED6-58FD-40F9-B013-E313718708F3}"
EndProject
Project("{2150E333-8FDC-42A3-9474-1A3956D46DE8}") = "Basket", "Basket", "{0C15C034-7713-45F0-8CE6-8284EB5C1ACB}"
EndProject
Project("{9A19103F-16F7-4668-BE54-9A1E7A4F7556}") = "Services.Basket", "Services\Basket\Services.Basket\Services.Basket.csproj", "{7F11725B-9468-4753-881E-04EB0F5C4B02}"
EndProject
Project("{2150E333-8FDC-42A3-9474-1A3956D46DE8}") = "Discount", "Discount", "{315BB182-EE6D-4AE2-95CC-312D8D238373}"
EndProject
Project("{FAE04EC0-301F-11D3-BF4B-00C04F79EFBC}") = "Services.Discount", "Services\Discount\Services.Discount\Services.Discount.csproj", "{44C707D1-3673-4C07-ADA2-BBCF1150D492}"
EndProject
Global
	GlobalSection(SolutionConfigurationPlatforms) = preSolution
		Debug|Any CPU = Debug|Any CPU
		Release|Any CPU = Release|Any CPU
	EndGlobalSection
	GlobalSection(ProjectConfigurationPlatforms) = postSolution
		{9CE0D7B5-C0AC-435D-B326-380A74039D9E}.Debug|Any CPU.ActiveCfg = Debug|Any CPU
		{9CE0D7B5-C0AC-435D-B326-380A74039D9E}.Debug|Any CPU.Build.0 = Debug|Any CPU
		{9CE0D7B5-C0AC-435D-B326-380A74039D9E}.Release|Any CPU.ActiveCfg = Release|Any CPU
		{9CE0D7B5-C0AC-435D-B326-380A74039D9E}.Release|Any CPU.Build.0 = Release|Any CPU
		{C6954E75-50D6-421F-BC0D-2FE776108C7A}.Debug|Any CPU.ActiveCfg = Debug|Any CPU
		{C6954E75-50D6-421F-BC0D-2FE776108C7A}.Debug|Any CPU.Build.0 = Debug|Any CPU
		{C6954E75-50D6-421F-BC0D-2FE776108C7A}.Release|Any CPU.ActiveCfg = Release|Any CPU
		{C6954E75-50D6-421F-BC0D-2FE776108C7A}.Release|Any CPU.Build.0 = Release|Any CPU
		{D45572D9-428B-4C13-A9CA-DE57809652DC}.Debug|Any CPU.ActiveCfg = Debug|Any CPU
		{D45572D9-428B-4C13-A9CA-DE57809652DC}.Debug|Any CPU.Build.0 = Debug|Any CPU
		{D45572D9-428B-4C13-A9CA-DE57809652DC}.Release|Any CPU.ActiveCfg = Release|Any CPU
		{D45572D9-428B-4C13-A9CA-DE57809652DC}.Release|Any CPU.Build.0 = Release|Any CPU
		{4926FED6-58FD-40F9-B013-E313718708F3}.Debug|Any CPU.ActiveCfg = Debug|Any CPU
		{4926FED6-58FD-40F9-B013-E313718708F3}.Debug|Any CPU.Build.0 = Debug|Any CPU
		{4926FED6-58FD-40F9-B013-E313718708F3}.Release|Any CPU.ActiveCfg = Release|Any CPU
		{4926FED6-58FD-40F9-B013-E313718708F3}.Release|Any CPU.Build.0 = Release|Any CPU
		{7F11725B-9468-4753-881E-04EB0F5C4B02}.Debug|Any CPU.ActiveCfg = Debug|Any CPU
		{7F11725B-9468-4753-881E-04EB0F5C4B02}.Debug|Any CPU.Build.0 = Debug|Any CPU
		{7F11725B-9468-4753-881E-04EB0F5C4B02}.Release|Any CPU.ActiveCfg = Release|Any CPU
		{7F11725B-9468-4753-881E-04EB0F5C4B02}.Release|Any CPU.Build.0 = Release|Any CPU
		{44C707D1-3673-4C07-ADA2-BBCF1150D492}.Debug|Any CPU.ActiveCfg = Debug|Any CPU
		{44C707D1-3673-4C07-ADA2-BBCF1150D492}.Debug|Any CPU.Build.0 = Debug|Any CPU
		{44C707D1-3673-4C07-ADA2-BBCF1150D492}.Release|Any CPU.ActiveCfg = Release|Any CPU
		{44C707D1-3673-4C07-ADA2-BBCF1150D492}.Release|Any CPU.Build.0 = Release|Any CPU
	EndGlobalSection
	GlobalSection(SolutionProperties) = preSolution
		HideSolutionNode = FALSE
	EndGlobalSection
	GlobalSection(NestedProjects) = preSolution
		{7DD16D97-43C1-48F7-991B-05A0AC020D40} = {8CC706BE-58E8-4172-98D6-04792ED2F21F}
		{9CE0D7B5-C0AC-435D-B326-380A74039D9E} = {7DD16D97-43C1-48F7-991B-05A0AC020D40}
		{C6954E75-50D6-421F-BC0D-2FE776108C7A} = {49E77C4F-3B83-4DEA-B3C2-E298032298F9}
		{D45572D9-428B-4C13-A9CA-DE57809652DC} = {1139014E-2194-41A7-ABDA-25BA06CDE98B}
		{B5ABEF21-C952-4DCE-A13A-5A2A21AF1016} = {8CC706BE-58E8-4172-98D6-04792ED2F21F}
		{4926FED6-58FD-40F9-B013-E313718708F3} = {B5ABEF21-C952-4DCE-A13A-5A2A21AF1016}
		{0C15C034-7713-45F0-8CE6-8284EB5C1ACB} = {8CC706BE-58E8-4172-98D6-04792ED2F21F}
		{7F11725B-9468-4753-881E-04EB0F5C4B02} = {0C15C034-7713-45F0-8CE6-8284EB5C1ACB}
		{315BB182-EE6D-4AE2-95CC-312D8D238373} = {8CC706BE-58E8-4172-98D6-04792ED2F21F}
		{44C707D1-3673-4C07-ADA2-BBCF1150D492} = {315BB182-EE6D-4AE2-95CC-312D8D238373}
	EndGlobalSection
	GlobalSection(ExtensibilityGlobals) = postSolution
		SolutionGuid = {7DB60A1D-7F8B-495C-ADAC-4AFB8F0B55C8}
	EndGlobalSection
EndGlobal
